
Microsoft Visual Studio Solution File, Format Version 12.00
# Visual Studio 2017
Project("{FAE04EC0-301F-11D3-BF4B-00C04F79EFBC}") = "Stucktogether", "Stucktogether.csproj", "{3045B2AD-B798-00D3-9747-9E1D1461511E}"
EndProject
Project("{FAE04EC0-301F-11D3-BF4B-00C04F79EFBC}") = "Stucktogether.Editor", "Stucktogether.Editor.csproj", "{EF92AF55-0D27-AD54-E7DB-53BD114D3A51}"
EndProject
Global
	GlobalSection(SolutionConfigurationPlatforms) = preSolution
		Debug|Any CPU = Debug|Any CPU
		Release|Any CPU = Release|Any CPU
	EndGlobalSection
	GlobalSection(ProjectConfigurationPlatforms) = postSolution
		{3045B2AD-B798-00D3-9747-9E1D1461511E}.Debug|Any CPU.ActiveCfg = Debug|Any CPU
		{3045B2AD-B798-00D3-9747-9E1D1461511E}.Debug|Any CPU.Build.0 = Debug|Any CPU
		{3045B2AD-B798-00D3-9747-9E1D1461511E}.Release|Any CPU.ActiveCfg = Release|Any CPU
		{3045B2AD-B798-00D3-9747-9E1D1461511E}.Release|Any CPU.Build.0 = Release|Any CPU
		{EF92AF55-0D27-AD54-E7DB-53BD114D3A51}.Debug|Any CPU.ActiveCfg = Debug|Any CPU
		{EF92AF55-0D27-AD54-E7DB-53BD114D3A51}.Debug|Any CPU.Build.0 = Debug|Any CPU
		{EF92AF55-0D27-AD54-E7DB-53BD114D3A51}.Release|Any CPU.ActiveCfg = Release|Any CPU
		{EF92AF55-0D27-AD54-E7DB-53BD114D3A51}.Release|Any CPU.Build.0 = Release|Any CPU
	EndGlobalSection
	GlobalSection(SolutionProperties) = preSolution
		HideSolutionNode = FALSE
	EndGlobalSection
EndGlobal
